// !$*UTF8*$!
{
	archiveVersion = 1;
	classes = {
	};
	objectVersion = 56;
	objects = {

/* Begin PBXBuildFile section */
		DC9288ED2AA1818400DB857E /* Chapter11App.swift in Sources */ = {isa = PBXBuildFile; fileRef = DC9288EC2AA1818400DB857E /* Chapter11App.swift */; };
		DC9288EF2AA1818400DB857E /* ContentView.swift in Sources */ = {isa = PBXBuildFile; fileRef = DC9288EE2AA1818400DB857E /* ContentView.swift */; };
		DC9288F12AA1818500DB857E /* Assets.xcassets in Resources */ = {isa = PBXBuildFile; fileRef = DC9288F02AA1818500DB857E /* Assets.xcassets */; };
		DC9288F52AA1818500DB857E /* Preview Assets.xcassets in Resources */ = {isa = PBXBuildFile; fileRef = DC9288F42AA1818500DB857E /* Preview Assets.xcassets */; };
		DC9288FD2AA1890900DB857E /* HistoryDaily.swift in Sources */ = {isa = PBXBuildFile; fileRef = DC9288FC2AA1890900DB857E /* HistoryDaily.swift */; };
		DC9289022AA19F8F00DB857E /* ViewModel.swift in Sources */ = {isa = PBXBuildFile; fileRef = DC9289012AA19F8F00DB857E /* ViewModel.swift */; };
		DCBBE9652AA4318E009A528D /* ProfileView.swift in Sources */ = {isa = PBXBuildFile; fileRef = DCBBE9642AA4318E009A528D /* ProfileView.swift */; };
		DCBBE9672AA431C5009A528D /* MainTabView.swift in Sources */ = {isa = PBXBuildFile; fileRef = DCBBE9662AA431C5009A528D /* MainTabView.swift */; };
		DCBBE9692AA43B82009A528D /* CalendarView.swift in Sources */ = {isa = PBXBuildFile; fileRef = DCBBE9682AA43B82009A528D /* CalendarView.swift */; };
		DCBBE96C2AA4C86B009A528D /* Date+Extensions.swift in Sources */ = {isa = PBXBuildFile; fileRef = DCBBE96B2AA4C86B009A528D /* Date+Extensions.swift */; };
/* End PBXBuildFile section */

/* Begin PBXFileReference section */
		DC9288E92AA1818400DB857E /* Chapter11.app */ = {isa = PBXFileReference; explicitFileType = wrapper.application; includeInIndex = 0; path = Chapter11.app; sourceTree = BUILT_PRODUCTS_DIR; };
		DC9288EC2AA1818400DB857E /* Chapter11App.swift */ = {isa = PBXFileReference; lastKnownFileType = sourcecode.swift; path = Chapter11App.swift; sourceTree = "<group>"; };
		DC9288EE2AA1818400DB857E /* ContentView.swift */ = {isa = PBXFileReference; lastKnownFileType = sourcecode.swift; path = ContentView.swift; sourceTree = "<group>"; };
		DC9288F02AA1818500DB857E /* Assets.xcassets */ = {isa = PBXFileReference; lastKnownFileType = folder.assetcatalog; path = Assets.xcassets; sourceTree = "<group>"; };
		DC9288F22AA1818500DB857E /* Chapter11.entitlements */ = {isa = PBXFileReference; lastKnownFileType = text.plist.entitlements; path = Chapter11.entitlements; sourceTree = "<group>"; };
		DC9288F42AA1818500DB857E /* Preview Assets.xcassets */ = {isa = PBXFileReference; lastKnownFileType = folder.assetcatalog; path = "Preview Assets.xcassets"; sourceTree = "<group>"; };
		DC9288FC2AA1890900DB857E /* HistoryDaily.swift */ = {isa = PBXFileReference; lastKnownFileType = sourcecode.swift; path = HistoryDaily.swift; sourceTree = "<group>"; };
		DC9289012AA19F8F00DB857E /* ViewModel.swift */ = {isa = PBXFileReference; lastKnownFileType = sourcecode.swift; path = ViewModel.swift; sourceTree = "<group>"; };
		DCBBE9642AA4318E009A528D /* ProfileView.swift */ = {isa = PBXFileReference; lastKnownFileType = sourcecode.swift; path = ProfileView.swift; sourceTree = "<group>"; };
		DCBBE9662AA431C5009A528D /* MainTabView.swift */ = {isa = PBXFileReference; lastKnownFileType = sourcecode.swift; path = MainTabView.swift; sourceTree = "<group>"; };
		DCBBE9682AA43B82009A528D /* CalendarView.swift */ = {isa = PBXFileReference; lastKnownFileType = sourcecode.swift; path = CalendarView.swift; sourceTree = "<group>"; };
		DCBBE96B2AA4C86B009A528D /* Date+Extensions.swift */ = {isa = PBXFileReference; lastKnownFileType = sourcecode.swift; path = "Date+Extensions.swift"; sourceTree = "<group>"; };
/* End PBXFileReference section */

/* Begin PBXFrameworksBuildPhase section */
		DC9288E62AA1818400DB857E /* Frameworks */ = {
			isa = PBXFrameworksBuildPhase;
			buildActionMask = 2147483647;
			files = (
			);
			runOnlyForDeploymentPostprocessing = 0;
		};
/* End PBXFrameworksBuildPhase section */

/* Begin PBXGroup section */
		DC9288E02AA1818400DB857E = {
			isa = PBXGroup;
			children = (
				DC9288EB2AA1818400DB857E /* Chapter11 */,
				DC9288EA2AA1818400DB857E /* Products */,
			);
			sourceTree = "<group>";
		};
		DC9288EA2AA1818400DB857E /* Products */ = {
			isa = PBXGroup;
			children = (
				DC9288E92AA1818400DB857E /* Chapter11.app */,
			);
			name = Products;
			sourceTree = "<group>";
		};
		DC9288EB2AA1818400DB857E /* Chapter11 */ = {
			isa = PBXGroup;
			children = (
				DC9288EC2AA1818400DB857E /* Chapter11App.swift */,
				DCBBE96A2AA4C7FA009A528D /* Extension */,
				DC9288FB2AA188EB00DB857E /* Model */,
				DC9288FF2AA1907F00DB857E /* View */,
				DC9289002AA19F7F00DB857E /* ViewModel */,
				DC9288F02AA1818500DB857E /* Assets.xcassets */,
				DC9288F22AA1818500DB857E /* Chapter11.entitlements */,
				DC9288F32AA1818500DB857E /* Preview Content */,
			);
			path = Chapter11;
			sourceTree = "<group>";
		};
		DC9288F32AA1818500DB857E /* Preview Content */ = {
			isa = PBXGroup;
			children = (
				DC9288F42AA1818500DB857E /* Preview Assets.xcassets */,
			);
			path = "Preview Content";
			sourceTree = "<group>";
		};
		DC9288FB2AA188EB00DB857E /* Model */ = {
			isa = PBXGroup;
			children = (
				DC9288FC2AA1890900DB857E /* HistoryDaily.swift */,
			);
			path = Model;
			sourceTree = "<group>";
		};
		DC9288FF2AA1907F00DB857E /* View */ = {
			isa = PBXGroup;
			children = (
				DCBBE9662AA431C5009A528D /* MainTabView.swift */,
				DCBBE9682AA43B82009A528D /* CalendarView.swift */,
				DC9288EE2AA1818400DB857E /* ContentView.swift */,
				DCBBE9642AA4318E009A528D /* ProfileView.swift */,
			);
			path = View;
			sourceTree = "<group>";
		};
		DC9289002AA19F7F00DB857E /* ViewModel */ = {
			isa = PBXGroup;
			children = (
				DC9289012AA19F8F00DB857E /* ViewModel.swift */,
			);
			path = ViewModel;
			sourceTree = "<group>";
		};
		DCBBE96A2AA4C7FA009A528D /* Extension */ = {
			isa = PBXGroup;
			children = (
				DCBBE96B2AA4C86B009A528D /* Date+Extensions.swift */,
			);
			path = Extension;
			sourceTree = "<group>";
		};
/* End PBXGroup section */

/* Begin PBXNativeTarget section */
		DC9288E82AA1818400DB857E /* Chapter11 */ = {
			isa = PBXNativeTarget;
			buildConfigurationList = DC9288F82AA1818500DB857E /* Build configuration list for PBXNativeTarget "Chapter11" */;
			buildPhases = (
				DC9288E52AA1818400DB857E /* Sources */,
				DC9288E62AA1818400DB857E /* Frameworks */,
				DC9288E72AA1818400DB857E /* Resources */,
			);
			buildRules = (
			);
			dependencies = (
			);
			name = Chapter11;
			productName = Chapter11;
			productReference = DC9288E92AA1818400DB857E /* Chapter11.app */;
			productType = "com.apple.product-type.application";
		};
/* End PBXNativeTarget section */

/* Begin PBXProject section */
		DC9288E12AA1818400DB857E /* Project object */ = {
			isa = PBXProject;
			attributes = {
				BuildIndependentTargetsInParallel = 1;
				LastSwiftUpdateCheck = 1430;
				LastUpgradeCheck = 1430;
				TargetAttributes = {
					DC9288E82AA1818400DB857E = {
						CreatedOnToolsVersion = 14.3.1;
					};
				};
			};
			buildConfigurationList = DC9288E42AA1818400DB857E /* Build configuration list for PBXProject "Chapter11" */;
			compatibilityVersion = "Xcode 14.0";
			developmentRegion = en;
			hasScannedForEncodings = 0;
			knownRegions = (
				en,
				Base,
			);
			mainGroup = DC9288E02AA1818400DB857E;
			productRefGroup = DC9288EA2AA1818400DB857E /* Products */;
			projectDirPath = "";
			projectRoot = "";
			targets = (
				DC9288E82AA1818400DB857E /* Chapter11 */,
			);
		};
/* End PBXProject section */

/* Begin PBXResourcesBuildPhase section */
		DC9288E72AA1818400DB857E /* Resources */ = {
			isa = PBXResourcesBuildPhase;
			buildActionMask = 2147483647;
			files = (
				DC9288F52AA1818500DB857E /* Preview Assets.xcassets in Resources */,
				DC9288F12AA1818500DB857E /* Assets.xcassets in Resources */,
			);
			runOnlyForDeploymentPostprocessing = 0;
		};
/* End PBXResourcesBuildPhase section */

/* Begin PBXSourcesBuildPhase section */
		DC9288E52AA1818400DB857E /* Sources */ = {
			isa = PBXSourcesBuildPhase;
			buildActionMask = 2147483647;
			files = (
				DC9288EF2AA1818400DB857E /* ContentView.swift in Sources */,
				DCBBE96C2AA4C86B009A528D /* Date+Extensions.swift in Sources */,
				DCBBE9692AA43B82009A528D /* CalendarView.swift in Sources */,
				DC9288FD2AA1890900DB857E /* HistoryDaily.swift in Sources */,
				DCBBE9652AA4318E009A528D /* ProfileView.swift in Sources */,
				DC9289022AA19F8F00DB857E /* ViewModel.swift in Sources */,
				DC9288ED2AA1818400DB857E /* Chapter11App.swift in Sources */,
				DCBBE9672AA431C5009A528D /* MainTabView.swift in Sources */,
			);
			runOnlyForDeploymentPostprocessing = 0;
		};
/* End PBXSourcesBuildPhase section */

/* Begin XCBuildConfiguration section */
		DC9288F62AA1818500DB857E /* Debug */ = {
			isa = XCBuildConfiguration;
			buildSettings = {
				ALWAYS_SEARCH_USER_PATHS = NO;
				CLANG_ANALYZER_NONNULL = YES;
				CLANG_ANALYZER_NUMBER_OBJECT_CONVERSION = YES_AGGRESSIVE;
				CLANG_CXX_LANGUAGE_STANDARD = "gnu++20";
				CLANG_ENABLE_MODULES = YES;
				CLANG_ENABLE_OBJC_ARC = YES;
				CLANG_ENABLE_OBJC_WEAK = YES;
				CLANG_WARN_BLOCK_CAPTURE_AUTORELEASING = YES;
				CLANG_WARN_BOOL_CONVERSION = YES;
				CLANG_WARN_COMMA = YES;
				CLANG_WARN_CONSTANT_CONVERSION = YES;
				CLANG_WARN_DEPRECATED_OBJC_IMPLEMENTATIONS = YES;
				CLANG_WARN_DIRECT_OBJC_ISA_USAGE = YES_ERROR;
				CLANG_WARN_DOCUMENTATION_COMMENTS = YES;
				CLANG_WARN_EMPTY_BODY = YES;
				CLANG_WARN_ENUM_CONVERSION = YES;
				CLANG_WARN_INFINITE_RECURSION = YES;
				CLANG_WARN_INT_CONVERSION = YES;
				CLANG_WARN_NON_LITERAL_NULL_CONVERSION = YES;
				CLANG_WARN_OBJC_IMPLICIT_RETAIN_SELF = YES;
				CLANG_WARN_OBJC_LITERAL_CONVERSION = YES;
				CLANG_WARN_OBJC_ROOT_CLASS = YES_ERROR;
				CLANG_WARN_QUOTED_INCLUDE_IN_FRAMEWORK_HEADER = YES;
				CLANG_WARN_RANGE_LOOP_ANALYSIS = YES;
				CLANG_WARN_STRICT_PROTOTYPES = YES;
				CLANG_WARN_SUSPICIOUS_MOVE = YES;
				CLANG_WARN_UNGUARDED_AVAILABILITY = YES_AGGRESSIVE;
				CLANG_WARN_UNREACHABLE_CODE = YES;
				CLANG_WARN__DUPLICATE_METHOD_MATCH = YES;
				COPY_PHASE_STRIP = NO;
				DEBUG_INFORMATION_FORMAT = dwarf;
				ENABLE_STRICT_OBJC_MSGSEND = YES;
				ENABLE_TESTABILITY = YES;
				GCC_C_LANGUAGE_STANDARD = gnu11;
				GCC_DYNAMIC_NO_PIC = NO;
				GCC_NO_COMMON_BLOCKS = YES;
				GCC_OPTIMIZATION_LEVEL = 0;
				GCC_PREPROCESSOR_DEFINITIONS = (
					"DEBUG=1",
					"$(inherited)",
				);
				GCC_WARN_64_TO_32_BIT_CONVERSION = YES;
				GCC_WARN_ABOUT_RETURN_TYPE = YES_ERROR;
				GCC_WARN_UNDECLARED_SELECTOR = YES;
				GCC_WARN_UNINITIALIZED_AUTOS = YES_AGGRESSIVE;
				GCC_WARN_UNUSED_FUNCTION = YES;
				GCC_WARN_UNUSED_VARIABLE = YES;
				MTL_ENABLE_DEBUG_INFO = INCLUDE_SOURCE;
				MTL_FAST_MATH = YES;
				ONLY_ACTIVE_ARCH = YES;
				SWIFT_ACTIVE_COMPILATION_CONDITIONS = DEBUG;
				SWIFT_OPTIMIZATION_LEVEL = "-Onone";
			};
			name = Debug;
		};
		DC9288F72AA1818500DB857E /* Release */ = {
			isa = XCBuildConfiguration;
			buildSettings = {
				ALWAYS_SEARCH_USER_PATHS = NO;
				CLANG_ANALYZER_NONNULL = YES;
				CLANG_ANALYZER_NUMBER_OBJECT_CONVERSION = YES_AGGRESSIVE;
				CLANG_CXX_LANGUAGE_STANDARD = "gnu++20";
				CLANG_ENABLE_MODULES = YES;
				CLANG_ENABLE_OBJC_ARC = YES;
				CLANG_ENABLE_OBJC_WEAK = YES;
				CLANG_WARN_BLOCK_CAPTURE_AUTORELEASING = YES;
				CLANG_WARN_BOOL_CONVERSION = YES;
				CLANG_WARN_COMMA = YES;
				CLANG_WARN_CONSTANT_CONVERSION = YES;
				CLANG_WARN_DEPRECATED_OBJC_IMPLEMENTATIONS = YES;
				CLANG_WARN_DIRECT_OBJC_ISA_USAGE = YES_ERROR;
				CLANG_WARN_DOCUMENTATION_COMMENTS = YES;
				CLANG_WARN_EMPTY_BODY = YES;
				CLANG_WARN_ENUM_CONVERSION = YES;
				CLANG_WARN_INFINITE_RECURSION = YES;
				CLANG_WARN_INT_CONVERSION = YES;
				CLANG_WARN_NON_LITERAL_NULL_CONVERSION = YES;
				CLANG_WARN_OBJC_IMPLICIT_RETAIN_SELF = YES;
				CLANG_WARN_OBJC_LITERAL_CONVERSION = YES;
				CLANG_WARN_OBJC_ROOT_CLASS = YES_ERROR;
				CLANG_WARN_QUOTED_INCLUDE_IN_FRAMEWORK_HEADER = YES;
				CLANG_WARN_RANGE_LOOP_ANALYSIS = YES;
				CLANG_WARN_STRICT_PROTOTYPES = YES;
				CLANG_WARN_SUSPICIOUS_MOVE = YES;
				CLANG_WARN_UNGUARDED_AVAILABILITY = YES_AGGRESSIVE;
				CLANG_WARN_UNREACHABLE_CODE = YES;
				CLANG_WARN__DUPLICATE_METHOD_MATCH = YES;
				COPY_PHASE_STRIP = NO;
				DEBUG_INFORMATION_FORMAT = "dwarf-with-dsym";
				ENABLE_NS_ASSERTIONS = NO;
				ENABLE_STRICT_OBJC_MSGSEND = YES;
				GCC_C_LANGUAGE_STANDARD = gnu11;
				GCC_NO_COMMON_BLOCKS = YES;
				GCC_WARN_64_TO_32_BIT_CONVERSION = YES;
				GCC_WARN_ABOUT_RETURN_TYPE = YES_ERROR;
				GCC_WARN_UNDECLARED_SELECTOR = YES;
				GCC_WARN_UNINITIALIZED_AUTOS = YES_AGGRESSIVE;
				GCC_WARN_UNUSED_FUNCTION = YES;
				GCC_WARN_UNUSED_VARIABLE = YES;
				MTL_ENABLE_DEBUG_INFO = NO;
				MTL_FAST_MATH = YES;
				SWIFT_COMPILATION_MODE = wholemodule;
				SWIFT_OPTIMIZATION_LEVEL = "-O";
			};
			name = Release;
		};
		DC9288F92AA1818500DB857E /* Debug */ = {
			isa = XCBuildConfiguration;
			buildSettings = {
				ASSETCATALOG_COMPILER_APPICON_NAME = AppIcon;
				ASSETCATALOG_COMPILER_GLOBAL_ACCENT_COLOR_NAME = AccentColor;
				CODE_SIGN_ENTITLEMENTS = Chapter11/Chapter11.entitlements;
				CODE_SIGN_STYLE = Automatic;
				CURRENT_PROJECT_VERSION = 1;
				DEVELOPMENT_ASSET_PATHS = "\"Chapter11/Preview Content\"";
				DEVELOPMENT_TEAM = 7VK544DU3W;
				ENABLE_HARDENED_RUNTIME = YES;
				ENABLE_PREVIEWS = YES;
				GENERATE_INFOPLIST_FILE = YES;
				"INFOPLIST_KEY_UIApplicationSceneManifest_Generation[sdk=iphoneos*]" = YES;
				"INFOPLIST_KEY_UIApplicationSceneManifest_Generation[sdk=iphonesimulator*]" = YES;
				"INFOPLIST_KEY_UIApplicationSupportsIndirectInputEvents[sdk=iphoneos*]" = YES;
				"INFOPLIST_KEY_UIApplicationSupportsIndirectInputEvents[sdk=iphonesimulator*]" = YES;
				"INFOPLIST_KEY_UILaunchScreen_Generation[sdk=iphoneos*]" = YES;
				"INFOPLIST_KEY_UILaunchScreen_Generation[sdk=iphonesimulator*]" = YES;
				"INFOPLIST_KEY_UIStatusBarStyle[sdk=iphoneos*]" = UIStatusBarStyleDefault;
				"INFOPLIST_KEY_UIStatusBarStyle[sdk=iphonesimulator*]" = UIStatusBarStyleDefault;
				INFOPLIST_KEY_UISupportedInterfaceOrientations_iPad = "UIInterfaceOrientationPortrait UIInterfaceOrientationPortraitUpsideDown UIInterfaceOrientationLandscapeLeft UIInterfaceOrientationLandscapeRight";
				INFOPLIST_KEY_UISupportedInterfaceOrientations_iPhone = "UIInterfaceOrientationPortrait UIInterfaceOrientationLandscapeLeft UIInterfaceOrientationLandscapeRight";
				IPHONEOS_DEPLOYMENT_TARGET = 16.4;
				LD_RUNPATH_SEARCH_PATHS = "@executable_path/Frameworks";
				"LD_RUNPATH_SEARCH_PATHS[sdk=macosx*]" = "@executable_path/../Frameworks";
				MACOSX_DEPLOYMENT_TARGET = 13.3;
				MARKETING_VERSION = 1.0;
				PRODUCT_BUNDLE_IDENTIFIER = com.lzw.Chapter11;
				PRODUCT_NAME = "$(TARGET_NAME)";
				SDKROOT = auto;
				SUPPORTED_PLATFORMS = "iphoneos iphonesimulator macosx";
				SWIFT_EMIT_LOC_STRINGS = YES;
				SWIFT_VERSION = 5.0;
				TARGETED_DEVICE_FAMILY = "1,2";
			};
			name = Debug;
		};
		DC9288FA2AA1818500DB857E /* Release */ = {
			isa = XCBuildConfiguration;
			buildSettings = {
				ASSETCATALOG_COMPILER_APPICON_NAME = AppIcon;
				ASSETCATALOG_COMPILER_GLOBAL_ACCENT_COLOR_NAME = AccentColor;
				CODE_SIGN_ENTITLEMENTS = Chapter11/Chapter11.entitlements;
				CODE_SIGN_STYLE = Automatic;
				CURRENT_PROJECT_VERSION = 1;
				DEVELOPMENT_ASSET_PATHS = "\"Chapter11/Preview Content\"";
				DEVELOPMENT_TEAM = 7VK544DU3W;
				ENABLE_HARDENED_RUNTIME = YES;
				ENABLE_PREVIEWS = YES;
				GENERATE_INFOPLIST_FILE = YES;
				"INFOPLIST_KEY_UIApplicationSceneManifest_Generation[sdk=iphoneos*]" = YES;
				"INFOPLIST_KEY_UIApplicationSceneManifest_Generation[sdk=iphonesimulator*]" = YES;
				"INFOPLIST_KEY_UIApplicationSupportsIndirectInputEvents[sdk=iphoneos*]" = YES;
				"INFOPLIST_KEY_UIApplicationSupportsIndirectInputEvents[sdk=iphonesimulator*]" = YES;
				"INFOPLIST_KEY_UILaunchScreen_Generation[sdk=iphoneos*]" = YES;
				"INFOPLIST_KEY_UILaunchScreen_Generation[sdk=iphonesimulator*]" = YES;
				"INFOPLIST_KEY_UIStatusBarStyle[sdk=iphoneos*]" = UIStatusBarStyleDefault;
				"INFOPLIST_KEY_UIStatusBarStyle[sdk=iphonesimulator*]" = UIStatusBarStyleDefault;
				INFOPLIST_KEY_UISupportedInterfaceOrientations_iPad = "UIInterfaceOrientationPortrait UIInterfaceOrientationPortraitUpsideDown UIInterfaceOrientationLandscapeLeft UIInterfaceOrientationLandscapeRight";
				INFOPLIST_KEY_UISupportedInterfaceOrientations_iPhone = "UIInterfaceOrientationPortrait UIInterfaceOrientationLandscapeLeft UIInterfaceOrientationLandscapeRight";
				IPHONEOS_DEPLOYMENT_TARGET = 16.4;
				LD_RUNPATH_SEARCH_PATHS = "@executable_path/Frameworks";
				"LD_RUNPATH_SEARCH_PATHS[sdk=macosx*]" = "@executable_path/../Frameworks";
				MACOSX_DEPLOYMENT_TARGET = 13.3;
				MARKETING_VERSION = 1.0;
				PRODUCT_BUNDLE_IDENTIFIER = com.lzw.Chapter11;
				PRODUCT_NAME = "$(TARGET_NAME)";
				SDKROOT = auto;
				SUPPORTED_PLATFORMS = "iphoneos iphonesimulator macosx";
				SWIFT_EMIT_LOC_STRINGS = YES;
				SWIFT_VERSION = 5.0;
				TARGETED_DEVICE_FAMILY = "1,2";
			};
			name = Release;
		};
/* End XCBuildConfiguration section */

/* Begin XCConfigurationList section */
		DC9288E42AA1818400DB857E /* Build configuration list for PBXProject "Chapter11" */ = {
			isa = XCConfigurationList;
			buildConfigurations = (
				DC9288F62AA1818500DB857E /* Debug */,
				DC9288F72AA1818500DB857E /* Release */,
			);
			defaultConfigurationIsVisible = 0;
			defaultConfigurationName = Release;
		};
		DC9288F82AA1818500DB857E /* Build configuration list for PBXNativeTarget "Chapter11" */ = {
			isa = XCConfigurationList;
			buildConfigurations = (
				DC9288F92AA1818500DB857E /* Debug */,
				DC9288FA2AA1818500DB857E /* Release */,
			);
			defaultConfigurationIsVisible = 0;
			defaultConfigurationName = Release;
		};
/* End XCConfigurationList section */
	};
	rootObject = DC9288E12AA1818400DB857E /* Project object */;
}
